
Microsoft Visual Studio Solution File, Format Version 12.00
# Visual Studio Version 16
VisualStudioVersion = 16.0.29123.89
MinimumVisualStudioVersion = 10.0.40219.1
Project("{9A19103F-16F7-4668-BE54-9A1E7A4F7556}") = "Identity.Api", "Identity.Api\Identity.Api.csproj", "{D98ED04F-1647-4A55-B334-66B50E6C18DA}"
EndProject
Project("{FAE04EC0-301F-11D3-BF4B-00C04F79EFBC}") = "Identity.Api.Test", "Identity.Api.Test\Identity.Api.Test.csproj", "{76DE52B4-F106-4E53-8E0D-B876570FBCD7}"
EndProject
Global
	GlobalSection(SolutionConfigurationPlatforms) = preSolution
		Debug|Any CPU = Debug|Any CPU
		Release|Any CPU = Release|Any CPU
	EndGlobalSection
	GlobalSection(ProjectConfigurationPlatforms) = postSolution
		{D98ED04F-1647-4A55-B334-66B50E6C18DA}.Debug|Any CPU.ActiveCfg = Debug|Any CPU
		{D98ED04F-1647-4A55-B334-66B50E6C18DA}.Debug|Any CPU.Build.0 = Debug|Any CPU
		{D98ED04F-1647-4A55-B334-66B50E6C18DA}.Release|Any CPU.ActiveCfg = Release|Any CPU
		{D98ED04F-1647-4A55-B334-66B50E6C18DA}.Release|Any CPU.Build.0 = Release|Any CPU
		{76DE52B4-F106-4E53-8E0D-B876570FBCD7}.Debug|Any CPU.ActiveCfg = Debug|Any CPU
		{76DE52B4-F106-4E53-8E0D-B876570FBCD7}.Debug|Any CPU.Build.0 = Debug|Any CPU
		{76DE52B4-F106-4E53-8E0D-B876570FBCD7}.Release|Any CPU.ActiveCfg = Release|Any CPU
		{76DE52B4-F106-4E53-8E0D-B876570FBCD7}.Release|Any CPU.Build.0 = Release|Any CPU
	EndGlobalSection
	GlobalSection(SolutionProperties) = preSolution
		HideSolutionNode = FALSE
	EndGlobalSection
	GlobalSection(ExtensibilityGlobals) = postSolution
		SolutionGuid = {CE31A863-1E73-45E5-A546-74B7EAC2D210}
	EndGlobalSection
EndGlobal
